
Microsoft Visual Studio Solution File, Format Version 12.00
# Visual Studio 15
VisualStudioVersion = 15.0.28010.2041
MinimumVisualStudioVersion = 10.0.40219.1
Project("{FAE04EC0-301F-11D3-BF4B-00C04F79EFBC}") = "FloraGotchiAppV2", "FloraGotchiAppV2\FloraGotchiAppV2.csproj", "{A5B7D0B7-3465-4937-8EE5-4A6B5BCAC9A4}"
EndProject
Global
	GlobalSection(SolutionConfigurationPlatforms) = preSolution
		Debug|Any CPU = Debug|Any CPU
		Release|Any CPU = Release|Any CPU
	EndGlobalSection
	GlobalSection(ProjectConfigurationPlatforms) = postSolution
		{A5B7D0B7-3465-4937-8EE5-4A6B5BCAC9A4}.Debug|Any CPU.ActiveCfg = Debug|Any CPU
		{A5B7D0B7-3465-4937-8EE5-4A6B5BCAC9A4}.Debug|Any CPU.Build.0 = Debug|Any CPU
		{A5B7D0B7-3465-4937-8EE5-4A6B5BCAC9A4}.Release|Any CPU.ActiveCfg = Release|Any CPU
		{A5B7D0B7-3465-4937-8EE5-4A6B5BCAC9A4}.Release|Any CPU.Build.0 = Release|Any CPU
	EndGlobalSection
	GlobalSection(SolutionProperties) = preSolution
		HideSolutionNode = FALSE
	EndGlobalSection
	GlobalSection(ExtensibilityGlobals) = postSolution
		SolutionGuid = {F51FAF27-D217-469C-B8D6-F15907D564FE}
	EndGlobalSection
EndGlobal
